<Solution>
  <Project Path="Tyuiu.MihajlichenkoSB.Sprint7.Project.V2.Lib/Tyuiu.MihajlichenkoSB.Sprint7.Project.V2.Lib.csproj" />
  <Project Path="Tyuiu.MihajlichenkoSB.Sprint7.Project.V2.Test/Tyuiu.MihajlichenkoSB.Sprint7.Project.V2.Test.csproj" />
  <Project Path="Tyuiu.MihajlichenkoSB.Sprint7.Project.V2/Tyuiu.MihajlichenkoSB.Sprint7.Project.V2.csproj" />
</Solution>
